
Microsoft Visual Studio Solution File, Format Version 12.00
# Visual Studio Version 16
VisualStudioVersion = 16.0.29519.87
MinimumVisualStudioVersion = 10.0.40219.1
Project("{FAE04EC0-301F-11D3-BF4B-00C04F79EFBC}") = "ConsoleAppNetCore", "ConsoleAppNetCore\ConsoleAppNetCore.csproj", "{4FE82D24-EED5-4C89-829A-1875F5D67D56}"
EndProject
Project("{FAE04EC0-301F-11D3-BF4B-00C04F79EFBC}") = "ConsoleAppFullFramework", "ConsoleAppFullFramework\ConsoleAppFullFramework.csproj", "{3A916EA2-B15B-4D44-A795-77CC8F551C18}"
EndProject
Project("{FAE04EC0-301F-11D3-BF4B-00C04F79EFBC}") = "LibraryNetStandard", "LibraryNetStandard\LibraryNetStandard.csproj", "{8EA2894D-3653-482B-8412-C7BA7E3F4164}"
EndProject
Project("{FAE04EC0-301F-11D3-BF4B-00C04F79EFBC}") = "LibraryFullFramework", "LibraryFullFramework\LibraryFullFramework.csproj", "{68393158-A002-4B8A-8100-621EC0D0CE28}"
EndProject
Project("{FAE04EC0-301F-11D3-BF4B-00C04F79EFBC}") = "UnitTests", "UnitTests\UnitTests.csproj", "{81DDAEB8-8CDD-47C8-8278-AF1C296A290C}"
EndProject
Global
	GlobalSection(SolutionConfigurationPlatforms) = preSolution
		Debug|Any CPU = Debug|Any CPU
		Release|Any CPU = Release|Any CPU
	EndGlobalSection
	GlobalSection(ProjectConfigurationPlatforms) = postSolution
		{4FE82D24-EED5-4C89-829A-1875F5D67D56}.Debug|Any CPU.ActiveCfg = Debug|Any CPU
		{4FE82D24-EED5-4C89-829A-1875F5D67D56}.Debug|Any CPU.Build.0 = Debug|Any CPU
		{4FE82D24-EED5-4C89-829A-1875F5D67D56}.Release|Any CPU.ActiveCfg = Release|Any CPU
		{4FE82D24-EED5-4C89-829A-1875F5D67D56}.Release|Any CPU.Build.0 = Release|Any CPU
		{3A916EA2-B15B-4D44-A795-77CC8F551C18}.Debug|Any CPU.ActiveCfg = Debug|Any CPU
		{3A916EA2-B15B-4D44-A795-77CC8F551C18}.Debug|Any CPU.Build.0 = Debug|Any CPU
		{3A916EA2-B15B-4D44-A795-77CC8F551C18}.Release|Any CPU.ActiveCfg = Release|Any CPU
		{3A916EA2-B15B-4D44-A795-77CC8F551C18}.Release|Any CPU.Build.0 = Release|Any CPU
		{8EA2894D-3653-482B-8412-C7BA7E3F4164}.Debug|Any CPU.ActiveCfg = Debug|Any CPU
		{8EA2894D-3653-482B-8412-C7BA7E3F4164}.Debug|Any CPU.Build.0 = Debug|Any CPU
		{8EA2894D-3653-482B-8412-C7BA7E3F4164}.Release|Any CPU.ActiveCfg = Release|Any CPU
		{8EA2894D-3653-482B-8412-C7BA7E3F4164}.Release|Any CPU.Build.0 = Release|Any CPU
		{68393158-A002-4B8A-8100-621EC0D0CE28}.Debug|Any CPU.ActiveCfg = Debug|Any CPU
		{68393158-A002-4B8A-8100-621EC0D0CE28}.Debug|Any CPU.Build.0 = Debug|Any CPU
		{68393158-A002-4B8A-8100-621EC0D0CE28}.Release|Any CPU.ActiveCfg = Release|Any CPU
		{68393158-A002-4B8A-8100-621EC0D0CE28}.Release|Any CPU.Build.0 = Release|Any CPU
		{81DDAEB8-8CDD-47C8-8278-AF1C296A290C}.Debug|Any CPU.ActiveCfg = Debug|Any CPU
		{81DDAEB8-8CDD-47C8-8278-AF1C296A290C}.Debug|Any CPU.Build.0 = Debug|Any CPU
		{81DDAEB8-8CDD-47C8-8278-AF1C296A290C}.Release|Any CPU.ActiveCfg = Release|Any CPU
		{81DDAEB8-8CDD-47C8-8278-AF1C296A290C}.Release|Any CPU.Build.0 = Release|Any CPU
	EndGlobalSection
	GlobalSection(SolutionProperties) = preSolution
		HideSolutionNode = FALSE
	EndGlobalSection
	GlobalSection(ExtensibilityGlobals) = postSolution
		SolutionGuid = {0AF4B53A-FCB6-419E-B9F5-69C9C47A0DAD}
	EndGlobalSection
EndGlobal
